{
  "name": "polars-notes",
  "version": "1.0.0",
  "lockfileVersion": 2,
  "requires": true,
  "packages": {
    "": {
      "name": "polars-notes",
      "version": "1.0.0",
      "license": "ISC",
      "dependencies": {
        "nodejs-polars": "^0.2.0"
      }
    },
    "node_modules/@napi-rs/triples": {
      "version": "1.1.0",
      "resolved": "https://registry.npmjs.org/@napi-rs/triples/-/triples-1.1.0.tgz",
      "integrity": "sha512-XQr74QaLeMiqhStEhLn1im9EOMnkypp7MZOwQhGzqp2Weu5eQJbpPxWxixxlYRKWPOmJjsk6qYfYH9kq43yc2w=="
    },
    "node_modules/@node-rs/helper": {
      "version": "1.3.2",
      "resolved": "https://registry.npmjs.org/@node-rs/helper/-/helper-1.3.2.tgz",
      "integrity": "sha512-cjP3xk/x8YQP4bsg9CdzxC86olR2lLkTUR1LB9UtOZElMht3SzE/+X3ZYJfIeOzxfKcDA4uABg+/1JRgkx/Puw==",
      "dependencies": {
        "@napi-rs/triples": "^1.1.0"
      }
    },
    "node_modules/nodejs-polars": {
      "version": "0.2.0",
      "resolved": "https://registry.npmjs.org/nodejs-polars/-/nodejs-polars-0.2.0.tgz",
      "integrity": "sha512-WeUGtVi6cUs10DyNaV3IsNW7/JmJ1yAayWBom5+R+fcL92/C6cLKCsfkj4O++1YqRdSfvstInlzTnTVrwUlxMA==",
      "dependencies": {
        "@node-rs/helper": "^1.2.1"
      },
      "engines": {
        "node": ">= 10.20"
      },
      "optionalDependencies": {
        "nodejs-polars-android-arm64": "0.2.0",
        "nodejs-polars-darwin-arm64": "0.2.0",
        "nodejs-polars-darwin-x64": "0.2.0",
        "nodejs-polars-linux-arm-gnueabihf": "0.2.0",
        "nodejs-polars-linux-arm64-gnu": "0.2.0",
        "nodejs-polars-linux-arm64-musl": "0.2.0",
        "nodejs-polars-linux-x64-gnu": "0.2.0",
        "nodejs-polars-linux-x64-musl": "0.2.0",
        "nodejs-polars-win32-arm64-msvc": "0.2.0",
        "nodejs-polars-win32-ia32-msvc": "0.2.0",
        "nodejs-polars-win32-x64-msvc": "0.2.0"
      }
    },
    "node_modules/nodejs-polars-android-arm64": {
      "version": "0.2.0",
      "resolved": "https://registry.npmjs.org/nodejs-polars-android-arm64/-/nodejs-polars-android-arm64-0.2.0.tgz",
      "integrity": "sha512-n4ieAeTJyP93upN5pZVUfHCykW8vj8B4sdOGVJmzVJ7LUJS98qOsiRYwNhAgHGYJ5cEG1y0PzP+AOvoM+v7owg==",
      "cpu": [
        "arm64"
      ],
      "optional": true,
      "os": [
        "android"
      ],
      "engines": {
        "node": ">= 10"
      }
    },
    "node_modules/nodejs-polars-darwin-arm64": {
      "version": "0.2.0",
      "resolved": "https://registry.npmjs.org/nodejs-polars-darwin-arm64/-/nodejs-polars-darwin-arm64-0.2.0.tgz",
      "integrity": "sha512-m0Iy60PNiid3o6LW+jNkGAqDrr22NAqAFTr2kfUMqHRhUwxPkwlnhnyCGhwW5Ts7pw3+qGPSpe/pKLr8KGLz/w==",
      "cpu": [
        "arm64"
      ],
      "optional": true,
      "os": [
        "darwin"
      ],
      "engines": {
        "node": ">= 10"
      }
    },
    "node_modules/nodejs-polars-darwin-x64": {
      "version": "0.2.0",
      "resolved": "https://registry.npmjs.org/nodejs-polars-darwin-x64/-/nodejs-polars-darwin-x64-0.2.0.tgz",
      "integrity": "sha512-VqiF06JLhpIlv4DKfkKubP15zB37OUce2nxyBVYgygTzBXGw6mR35S7L3peZZBNsL2TJePMSafYQX1rbDZeNlw==",
      "cpu": [
        "x64"
      ],
      "optional": true,
      "os": [
        "darwin"
      ],
      "engines": {
        "node": ">= 10"
      }
    },
    "node_modules/nodejs-polars-linux-arm-gnueabihf": {
      "version": "0.2.0",
      "resolved": "https://registry.npmjs.org/nodejs-polars-linux-arm-gnueabihf/-/nodejs-polars-linux-arm-gnueabihf-0.2.0.tgz",
      "integrity": "sha512-DTowWfxjju1jVvAeHiB8sQBy/q5TpIPaP1Wlu1/wlU8vro3jS5UsaS6l27hRz5IaXeBS/0cdQcyDER8lcUULjw==",
      "cpu": [
        "arm"
      ],
      "optional": true,
      "os": [
        "linux"
      ],
      "engines": {
        "node": ">= 10"
      }
    },
    "node_modules/nodejs-polars-linux-arm64-gnu": {
      "version": "0.2.0",
      "resolved": "https://registry.npmjs.org/nodejs-polars-linux-arm64-gnu/-/nodejs-polars-linux-arm64-gnu-0.2.0.tgz",
      "integrity": "sha512-ex/p7TAfShrLGEBSXJEP7sNB1qXdCG0Oqapp4niTZcqB14tqaL6/A8+/tyctH7vEvDCV1WLPsgvHa3cLesfQ5A==",
      "cpu": [
        "arm64"
      ],
      "optional": true,
      "os": [
        "linux"
      ],
      "engines": {
        "node": ">= 10"
      }
    },
    "node_modules/nodejs-polars-linux-arm64-musl": {
      "version": "0.2.0",
      "resolved": "https://registry.npmjs.org/nodejs-polars-linux-arm64-musl/-/nodejs-polars-linux-arm64-musl-0.2.0.tgz",
      "integrity": "sha512-jvO65/pnrntcQnzE/c1SSxeqc2VQ3ZQWttCFTzJ3y03n4w+s3L+m3aWMcd4OuYsIkHBKLDuzwBd/Jpvvi4rN0g==",
      "cpu": [
        "arm64"
      ],
      "optional": true,
      "os": [
        "linux"
      ],
      "engines": {
        "node": ">= 10"
      }
    },
    "node_modules/nodejs-polars-linux-x64-gnu": {
      "version": "0.2.0",
      "resolved": "https://registry.npmjs.org/nodejs-polars-linux-x64-gnu/-/nodejs-polars-linux-x64-gnu-0.2.0.tgz",
      "integrity": "sha512-R/Dsi58D4ZWyoiLCONHsCYAVUjWzKr93zeNUEeLYNa90eQuI9qpyJG/y0mA8FJv2xplylICpWjlZXAmuzPJJ5w==",
      "cpu": [
        "x64"
      ],
      "optional": true,
      "os": [
        "linux"
      ],
      "engines": {
        "node": ">= 10"
      }
    },
    "node_modules/nodejs-polars-linux-x64-musl": {
      "version": "0.2.0",
      "resolved": "https://registry.npmjs.org/nodejs-polars-linux-x64-musl/-/nodejs-polars-linux-x64-musl-0.2.0.tgz",
      "integrity": "sha512-IBvEViD0LC0LYa+lux474d3I4JF9UU1zZMrXnWsCvzI8wNW7QjCJXaw3DAt74gv3X5BUgpRv+QwaaSqwy5rT/w==",
      "cpu": [
        "x64"
      ],
      "optional": true,
      "os": [
        "linux"
      ],
      "engines": {
        "node": ">= 10"
      }
    },
    "node_modules/nodejs-polars-win32-ia32-msvc": {
      "version": "0.2.0",
      "resolved": "https://registry.npmjs.org/nodejs-polars-win32-ia32-msvc/-/nodejs-polars-win32-ia32-msvc-0.2.0.tgz",
      "integrity": "sha512-4ss7V9eW56jihkTF3XHk3nmWD2eyhWhau9u7anKFQaRcNT8F2dWcYuBwNrY7kD7CgFJ+GCdt554t3HWMoy7Lfw==",
      "cpu": [
        "ia32"
      ],
      "optional": true,
      "os": [
        "win32"
      ],
      "engines": {
        "node": ">= 10"
      }
    },
    "node_modules/nodejs-polars-win32-x64-msvc": {
      "version": "0.2.0",
      "resolved": "https://registry.npmjs.org/nodejs-polars-win32-x64-msvc/-/nodejs-polars-win32-x64-msvc-0.2.0.tgz",
      "integrity": "sha512-HW6ga1zIkD2G6DvKx3n3XIAcuIpfejWv3CDmwKMQC/L1rgOgbzMTlBRmKA969cjfU41I8zPm40RmvTfbRpNnAQ==",
      "cpu": [
        "x64"
      ],
      "optional": true,
      "os": [
        "win32"
      ],
      "engines": {
        "node": ">= 10"
      }
    }
  },
  "dependencies": {
    "@napi-rs/triples": {
      "version": "1.1.0",
      "resolved": "https://registry.npmjs.org/@napi-rs/triples/-/triples-1.1.0.tgz",
      "integrity": "sha512-XQr74QaLeMiqhStEhLn1im9EOMnkypp7MZOwQhGzqp2Weu5eQJbpPxWxixxlYRKWPOmJjsk6qYfYH9kq43yc2w=="
    },
    "@node-rs/helper": {
      "version": "1.3.2",
      "resolved": "https://registry.npmjs.org/@node-rs/helper/-/helper-1.3.2.tgz",
      "integrity": "sha512-cjP3xk/x8YQP4bsg9CdzxC86olR2lLkTUR1LB9UtOZElMht3SzE/+X3ZYJfIeOzxfKcDA4uABg+/1JRgkx/Puw==",
      "requires": {
        "@napi-rs/triples": "^1.1.0"
      }
    },
    "nodejs-polars": {
      "version": "0.2.0",
      "resolved": "https://registry.npmjs.org/nodejs-polars/-/nodejs-polars-0.2.0.tgz",
      "integrity": "sha512-WeUGtVi6cUs10DyNaV3IsNW7/JmJ1yAayWBom5+R+fcL92/C6cLKCsfkj4O++1YqRdSfvstInlzTnTVrwUlxMA==",
      "requires": {
        "@node-rs/helper": "^1.2.1",
        "nodejs-polars-android-arm64": "0.2.0",
        "nodejs-polars-darwin-arm64": "0.2.0",
        "nodejs-polars-darwin-x64": "0.2.0",
        "nodejs-polars-linux-arm-gnueabihf": "0.2.0",
        "nodejs-polars-linux-arm64-gnu": "0.2.0",
        "nodejs-polars-linux-arm64-musl": "0.2.0",
        "nodejs-polars-linux-x64-gnu": "0.2.0",
        "nodejs-polars-linux-x64-musl": "0.2.0",
        "nodejs-polars-win32-arm64-msvc": "0.2.0",
        "nodejs-polars-win32-ia32-msvc": "0.2.0",
        "nodejs-polars-win32-x64-msvc": "0.2.0"
      }
    },
    "nodejs-polars-android-arm64": {
      "version": "0.2.0",
      "resolved": "https://registry.npmjs.org/nodejs-polars-android-arm64/-/nodejs-polars-android-arm64-0.2.0.tgz",
      "integrity": "sha512-n4ieAeTJyP93upN5pZVUfHCykW8vj8B4sdOGVJmzVJ7LUJS98qOsiRYwNhAgHGYJ5cEG1y0PzP+AOvoM+v7owg==",
      "optional": true
    },
    "nodejs-polars-darwin-arm64": {
      "version": "0.2.0",
      "resolved": "https://registry.npmjs.org/nodejs-polars-darwin-arm64/-/nodejs-polars-darwin-arm64-0.2.0.tgz",
      "integrity": "sha512-m0Iy60PNiid3o6LW+jNkGAqDrr22NAqAFTr2kfUMqHRhUwxPkwlnhnyCGhwW5Ts7pw3+qGPSpe/pKLr8KGLz/w==",
      "optional": true
    },
    "nodejs-polars-darwin-x64": {
      "version": "0.2.0",
      "resolved": "https://registry.npmjs.org/nodejs-polars-darwin-x64/-/nodejs-polars-darwin-x64-0.2.0.tgz",
      "integrity": "sha512-VqiF06JLhpIlv4DKfkKubP15zB37OUce2nxyBVYgygTzBXGw6mR35S7L3peZZBNsL2TJePMSafYQX1rbDZeNlw==",
      "optional": true
    },
    "nodejs-polars-linux-arm-gnueabihf": {
      "version": "0.2.0",
      "resolved": "https://registry.npmjs.org/nodejs-polars-linux-arm-gnueabihf/-/nodejs-polars-linux-arm-gnueabihf-0.2.0.tgz",
      "integrity": "sha512-DTowWfxjju1jVvAeHiB8sQBy/q5TpIPaP1Wlu1/wlU8vro3jS5UsaS6l27hRz5IaXeBS/0cdQcyDER8lcUULjw==",
      "optional": true
    },
    "nodejs-polars-linux-arm64-gnu": {
      "version": "0.2.0",
      "resolved": "https://registry.npmjs.org/nodejs-polars-linux-arm64-gnu/-/nodejs-polars-linux-arm64-gnu-0.2.0.tgz",
      "integrity": "sha512-ex/p7TAfShrLGEBSXJEP7sNB1qXdCG0Oqapp4niTZcqB14tqaL6/A8+/tyctH7vEvDCV1WLPsgvHa3cLesfQ5A==",
      "optional": true
    },
    "nodejs-polars-linux-arm64-musl": {
      "version": "0.2.0",
      "resolved": "https://registry.npmjs.org/nodejs-polars-linux-arm64-musl/-/nodejs-polars-linux-arm64-musl-0.2.0.tgz",
      "integrity": "sha512-jvO65/pnrntcQnzE/c1SSxeqc2VQ3ZQWttCFTzJ3y03n4w+s3L+m3aWMcd4OuYsIkHBKLDuzwBd/Jpvvi4rN0g==",
      "optional": true
    },
    "nodejs-polars-linux-x64-gnu": {
      "version": "0.2.0",
      "resolved": "https://registry.npmjs.org/nodejs-polars-linux-x64-gnu/-/nodejs-polars-linux-x64-gnu-0.2.0.tgz",
      "integrity": "sha512-R/Dsi58D4ZWyoiLCONHsCYAVUjWzKr93zeNUEeLYNa90eQuI9qpyJG/y0mA8FJv2xplylICpWjlZXAmuzPJJ5w==",
      "optional": true
    },
    "nodejs-polars-linux-x64-musl": {
      "version": "0.2.0",
      "resolved": "https://registry.npmjs.org/nodejs-polars-linux-x64-musl/-/nodejs-polars-linux-x64-musl-0.2.0.tgz",
      "integrity": "sha512-IBvEViD0LC0LYa+lux474d3I4JF9UU1zZMrXnWsCvzI8wNW7QjCJXaw3DAt74gv3X5BUgpRv+QwaaSqwy5rT/w==",
      "optional": true
    },
    "nodejs-polars-win32-ia32-msvc": {
      "version": "0.2.0",
      "resolved": "https://registry.npmjs.org/nodejs-polars-win32-ia32-msvc/-/nodejs-polars-win32-ia32-msvc-0.2.0.tgz",
      "integrity": "sha512-4ss7V9eW56jihkTF3XHk3nmWD2eyhWhau9u7anKFQaRcNT8F2dWcYuBwNrY7kD7CgFJ+GCdt554t3HWMoy7Lfw==",
      "optional": true
    },
    "nodejs-polars-win32-x64-msvc": {
      "version": "0.2.0",
      "resolved": "https://registry.npmjs.org/nodejs-polars-win32-x64-msvc/-/nodejs-polars-win32-x64-msvc-0.2.0.tgz",
      "integrity": "sha512-HW6ga1zIkD2G6DvKx3n3XIAcuIpfejWv3CDmwKMQC/L1rgOgbzMTlBRmKA969cjfU41I8zPm40RmvTfbRpNnAQ==",
      "optional": true
    }
  }
}
