{
    "_meta": {
        "hash": {
            "sha256": "a0e674507c0ae90317110ffaaa94cc94e5df5cff9dd4d5e37c1ecbccf2bcfa2e"
        },
        "pipfile-spec": 6,
        "requires": {
            "python_version": "3.10"
        },
        "sources": [
            {
                "name": "pypi",
                "url": "https://pypi.org/simple",
                "verify_ssl": true
            }
        ]
    },
    "default": {
        "polars": {
            "hashes": [
                "sha256:175802ab3f395fef47efc9ad7a69d45f5c8363d4eeec77c4c5011870db1c447b",
                "sha256:513c6f63356f34a359ce32f3b8069bc43a183f058d35320b013ef02a587a936a",
                "sha256:5903f9ca29c0ea6f73d26bfd89c622d62913b74b41af52d2baea6c609f2a52c2",
                "sha256:9e74e898b2f3b9c101f14c821a87180bacf1d9040f9b30bea598e0cb230ebbfa",
                "sha256:b8ed0aa2a50dd17702067748c8f097dca6f2205dffd451290296725da72a3645",
                "sha256:eb620412c9d20708f081aacace794684c83ccf46f14cd1db7288d975ce46591b"
            ],
            "index": "pypi",
            "version": "==0.14.5"
        },
        "pydash": {
            "hashes": [
                "sha256:1b2b050ac1bae049cd07f5920b14fabbe52638f485d9ada1eb115a9eebff6835",
                "sha256:ced4fedb163eb07fbee376e474bca74029eb9fab215614449fe13164f71dd9e3"
            ],
            "index": "pypi",
            "version": "==5.1.0"
        }
    },
    "develop": {}
}
