{
    "_meta": {
        "hash": {
            "sha256": "85aa1e8c8acd8f08c9171565bcaeac6e2ecbb6e010dc0d75c297ca9ffc04fbf3"
        },
        "pipfile-spec": 6,
        "requires": {
            "python_version": "3.9"
        },
        "sources": [
            {
                "name": "pypi",
                "url": "https://pypi.org/simple",
                "verify_ssl": true
            }
        ]
    },
    "default": {
        "polars": {
            "hashes": [
                "sha256:003f872d8086c08b02bd3dbeae5f517a18f6ffa28b933ff31c65cee9c658bf97",
                "sha256:22ad73753a766455b47353f6da42c2d12350538f92848205b3a93e2109204006",
                "sha256:300eb1a5976e4c0fd79e532928e04775ebf7fb30d857adbec8c9ed05ac24f0ef",
                "sha256:34234b9c6673d8aa7d17a9b089a0e399f1d60b6711bcad4cac4ea0c64d9bb1a0",
                "sha256:36ea7dae8bf201da446222dce14676d0c96f2de9a1608c88feb6ed045c0d7bce",
                "sha256:6bd3431cc2950e0ce2bda23aeb3969f68051539710d8d56794ec7302c48d8a09"
            ],
            "index": "pypi",
            "version": "==0.14.8"
        },
        "pydash": {
            "hashes": [
                "sha256:1b2b050ac1bae049cd07f5920b14fabbe52638f485d9ada1eb115a9eebff6835",
                "sha256:ced4fedb163eb07fbee376e474bca74029eb9fab215614449fe13164f71dd9e3"
            ],
            "index": "pypi",
            "version": "==5.1.0"
        },
        "typing-extensions": {
            "hashes": [
                "sha256:25642c956049920a5aa49edcdd6ab1e06d7e5d467fc00e0506c44ac86fbfca02",
                "sha256:e6d2677a32f47fc7eb2795db1dd15c1f34eff616bcaf2cfb5e997f854fa1c4a6"
            ],
            "markers": "python_version < '3.10'",
            "version": "==4.3.0"
        }
    },
    "develop": {}
}
