version = 1
requires-python = ">=3.13"

[[package]]
name = "astroid"
version = "3.3.5"
source = { registry = "https://pypi.org/simple" }
sdist = { url = "https://files.pythonhosted.org/packages/38/1e/326fb1d3d83a3bb77c9f9be29d31f2901e35acb94b0605c3f2e5085047f9/astroid-3.3.5.tar.gz", hash = "sha256:5cfc40ae9f68311075d27ef68a4841bdc5cc7f6cf86671b49f00607d30188e2d", size = 397229 }
wheels = [
    { url = "https://files.pythonhosted.org/packages/41/30/624365383fa4a40329c0f0bbbc151abc4a64e30dfc110fc8f6e2afcd02bb/astroid-3.3.5-py3-none-any.whl", hash = "sha256:a9d1c946ada25098d790e079ba2a1b112157278f3fb7e718ae6a9252f5835dc8", size = 274586 },
]

[[package]]
name = "colorama"
version = "0.4.6"
source = { registry = "https://pypi.org/simple" }
sdist = { url = "https://files.pythonhosted.org/packages/d8/53/6f443c9a4a8358a93a6792e2acffb9d9d5cb0a5cfd8802644b7b1c9a02e4/colorama-0.4.6.tar.gz", hash = "sha256:08695f5cb7ed6e0531a20572697297273c47b8cae5a63ffc6d6ed5c201be6e44", size = 27697 }
wheels = [
    { url = "https://files.pythonhosted.org/packages/d1/d6/3965ed04c63042e047cb6a3e6ed1a63a35087b6a609aa3a15ed8ac56c221/colorama-0.4.6-py2.py3-none-any.whl", hash = "sha256:4f1d9991f5acc0ca119f9d443620b77f9d6b33703e51011c16baf57afb285fc6", size = 25335 },
]

[[package]]
name = "dill"
version = "0.3.9"
source = { registry = "https://pypi.org/simple" }
sdist = { url = "https://files.pythonhosted.org/packages/70/43/86fe3f9e130c4137b0f1b50784dd70a5087b911fe07fa81e53e0c4c47fea/dill-0.3.9.tar.gz", hash = "sha256:81aa267dddf68cbfe8029c42ca9ec6a4ab3b22371d1c450abc54422577b4512c", size = 187000 }
wheels = [
    { url = "https://files.pythonhosted.org/packages/46/d1/e73b6ad76f0b1fb7f23c35c6d95dbc506a9c8804f43dda8cb5b0fa6331fd/dill-0.3.9-py3-none-any.whl", hash = "sha256:468dff3b89520b474c0397703366b7b95eebe6303f108adf9b19da1f702be87a", size = 119418 },
]

[[package]]
name = "isort"
version = "5.13.2"
source = { registry = "https://pypi.org/simple" }
sdist = { url = "https://files.pythonhosted.org/packages/87/f9/c1eb8635a24e87ade2efce21e3ce8cd6b8630bb685ddc9cdaca1349b2eb5/isort-5.13.2.tar.gz", hash = "sha256:48fdfcb9face5d58a4f6dde2e72a1fb8dcaf8ab26f95ab49fab84c2ddefb0109", size = 175303 }
wheels = [
    { url = "https://files.pythonhosted.org/packages/d1/b3/8def84f539e7d2289a02f0524b944b15d7c75dab7628bedf1c4f0992029c/isort-5.13.2-py3-none-any.whl", hash = "sha256:8ca5e72a8d85860d5a3fa69b8745237f2939afe12dbf656afbcb47fe72d947a6", size = 92310 },
]

[[package]]
name = "mccabe"
version = "0.7.0"
source = { registry = "https://pypi.org/simple" }
sdist = { url = "https://files.pythonhosted.org/packages/e7/ff/0ffefdcac38932a54d2b5eed4e0ba8a408f215002cd178ad1df0f2806ff8/mccabe-0.7.0.tar.gz", hash = "sha256:348e0240c33b60bbdf4e523192ef919f28cb2c3d7d5c7794f74009290f236325", size = 9658 }
wheels = [
    { url = "https://files.pythonhosted.org/packages/27/1a/1f68f9ba0c207934b35b86a8ca3aad8395a3d6dd7921c0686e23853ff5a9/mccabe-0.7.0-py2.py3-none-any.whl", hash = "sha256:6c2d30ab6be0e4a46919781807b4f0d834ebdd6c6e3dca0bda5a15f863427b6e", size = 7350 },
]

[[package]]
name = "platformdirs"
version = "4.3.6"
source = { registry = "https://pypi.org/simple" }
sdist = { url = "https://files.pythonhosted.org/packages/13/fc/128cc9cb8f03208bdbf93d3aa862e16d376844a14f9a0ce5cf4507372de4/platformdirs-4.3.6.tar.gz", hash = "sha256:357fb2acbc885b0419afd3ce3ed34564c13c9b95c89360cd9563f73aa5e2b907", size = 21302 }
wheels = [
    { url = "https://files.pythonhosted.org/packages/3c/a6/bc1012356d8ece4d66dd75c4b9fc6c1f6650ddd5991e421177d9f8f671be/platformdirs-4.3.6-py3-none-any.whl", hash = "sha256:73e575e1408ab8103900836b97580d5307456908a03e92031bab39e4554cc3fb", size = 18439 },
]

[[package]]
name = "polars"
version = "1.12.0"
source = { registry = "https://pypi.org/simple" }
sdist = { url = "https://files.pythonhosted.org/packages/5f/df/55127a3099e990b45ce3a29ab6789a083451e76e7109fb754aad5525360b/polars-1.12.0.tar.gz", hash = "sha256:fb5c92de1a8f7d0a3f923fe48ea89eb518bdf55315ae917012350fa072bd64f4", size = 4090738 }
wheels = [
    { url = "https://files.pythonhosted.org/packages/6e/ae/77c7ec395d9361ae2086693af1947c9a2b21346ba3faf092bb154b735227/polars-1.12.0-cp39-abi3-macosx_10_12_x86_64.whl", hash = "sha256:8f3c4e4e423c373dda07b4c8a7ff12aa02094b524767d0ca306b1eba67f2d99e", size = 32923786 },
    { url = "https://files.pythonhosted.org/packages/97/1c/60736d5588309eb528c52538e116593cb275310bab82ba28702cd87a76d1/polars-1.12.0-cp39-abi3-macosx_11_0_arm64.whl", hash = "sha256:aa6f9862f0cec6353243920d9b8d858c21ec8f25f91af203dea6ff91980e140d", size = 28887255 },
    { url = "https://files.pythonhosted.org/packages/5a/3e/31257118e7e087fa27c230b8fadf8ff15d521140bf58558dc889ee0c9c5e/polars-1.12.0-cp39-abi3-manylinux_2_17_x86_64.manylinux2014_x86_64.whl", hash = "sha256:afb03647b5160737d2119532ee8ffe825de1d19d87f81bbbb005131786f7d59b", size = 34126501 },
    { url = "https://files.pythonhosted.org/packages/ad/e6/d03053e6064d262f2ec41172a5092b08fc20d10c059dda6c9460371cfd7e/polars-1.12.0-cp39-abi3-manylinux_2_24_aarch64.whl", hash = "sha256:ea96aba5eb3dab8f0e6abf05ab3fc2136b329261860ef8661d20f5456a2d78e0", size = 30479546 },
    { url = "https://files.pythonhosted.org/packages/d5/28/3d44ddf56a5c95272b202ce8aa0e9b818a1310e83525c4c29176b538ae7c/polars-1.12.0-cp39-abi3-win_amd64.whl", hash = "sha256:a228a4b320a36d03a9ec9dfe7241b6d80a2f119b2dceb1da953166655e4cf43c", size = 33790337 },
]

[[package]]
name = "polars-notes"
version = "0.1.0"
source = { virtual = "." }
dependencies = [
    { name = "polars" },
    { name = "pydash" },
]

[package.dev-dependencies]
dev = [
    { name = "pylint" },
    { name = "ruff" },
]

[package.metadata]
requires-dist = [
    { name = "polars", specifier = ">=1.12.0" },
    { name = "pydash", specifier = ">=8.0.4" },
]

[package.metadata.requires-dev]
dev = [
    { name = "pylint" },
    { name = "ruff" },
]

[[package]]
name = "pydash"
version = "8.0.4"
source = { registry = "https://pypi.org/simple" }
dependencies = [
    { name = "typing-extensions" },
]
sdist = { url = "https://files.pythonhosted.org/packages/78/18/02df732cb657f14997ee4c9d93006e61e93a1816cfdc23763a86c78f9b61/pydash-8.0.4.tar.gz", hash = "sha256:a33fb17b4b06c617da5c57c711605d2dc8723311ee5388c8371f87cd44bf4112", size = 164676 }
wheels = [
    { url = "https://files.pythonhosted.org/packages/49/c4/746eb7637eb11149a67469c16023eb6e6fa6aa62dc31d1f0a569393c3745/pydash-8.0.4-py3-none-any.whl", hash = "sha256:59d0c9ca0d22b4f8bcfab01bfe2e89b49f4c9e9fa75961caf156094670260999", size = 101938 },
]

[[package]]
name = "pylint"
version = "3.3.1"
source = { registry = "https://pypi.org/simple" }
dependencies = [
    { name = "astroid" },
    { name = "colorama", marker = "sys_platform == 'win32'" },
    { name = "dill" },
    { name = "isort" },
    { name = "mccabe" },
    { name = "platformdirs" },
    { name = "tomlkit" },
]
sdist = { url = "https://files.pythonhosted.org/packages/63/3a/13e90e29777e695d90f422cf4fadb81c999e4755a9089838561bd0590cac/pylint-3.3.1.tar.gz", hash = "sha256:9f3dcc87b1203e612b78d91a896407787e708b3f189b5fa0b307712d49ff0c6e", size = 1516703 }
wheels = [
    { url = "https://files.pythonhosted.org/packages/4d/11/4a3f814eee14593f3cfcf7046bc765bf1646d5c88132c08c45310fc7d85f/pylint-3.3.1-py3-none-any.whl", hash = "sha256:2f846a466dd023513240bc140ad2dd73bfc080a5d85a710afdb728c420a5a2b9", size = 521768 },
]

[[package]]
name = "ruff"
version = "0.7.2"
source = { registry = "https://pypi.org/simple" }
sdist = { url = "https://files.pythonhosted.org/packages/95/51/231bb3790e5b0b9fd4131f9a231d73d061b3667522e3f406fd9b63334d0e/ruff-0.7.2.tar.gz", hash = "sha256:2b14e77293380e475b4e3a7a368e14549288ed2931fce259a6f99978669e844f", size = 3210036 }
wheels = [
    { url = "https://files.pythonhosted.org/packages/5c/56/0caa2b5745d66a39aa239c01059f6918fc76ed8380033d2f44bf297d141d/ruff-0.7.2-py3-none-linux_armv6l.whl", hash = "sha256:b73f873b5f52092e63ed540adefc3c36f1f803790ecf2590e1df8bf0a9f72cb8", size = 10373973 },
    { url = "https://files.pythonhosted.org/packages/1a/33/cad6ff306731f335d481c50caa155b69a286d5b388e87ff234cd2a4b3557/ruff-0.7.2-py3-none-macosx_10_12_x86_64.whl", hash = "sha256:5b813ef26db1015953daf476202585512afd6a6862a02cde63f3bafb53d0b2d4", size = 10171140 },
    { url = "https://files.pythonhosted.org/packages/97/f5/6a2ca5c9ba416226eac9cf8121a1baa6f06655431937e85f38ffcb9d0d01/ruff-0.7.2-py3-none-macosx_11_0_arm64.whl", hash = "sha256:853277dbd9675810c6826dad7a428d52a11760744508340e66bf46f8be9701d9", size = 9809333 },
    { url = "https://files.pythonhosted.org/packages/16/83/e3e87f13d1a1dc205713632978cd7bc287a59b08bc95780dbe359b9aefcb/ruff-0.7.2-py3-none-manylinux_2_17_aarch64.manylinux2014_aarch64.whl", hash = "sha256:21aae53ab1490a52bf4e3bf520c10ce120987b047c494cacf4edad0ba0888da2", size = 10622987 },
    { url = "https://files.pythonhosted.org/packages/22/16/97ccab194480e99a2e3c77ae132b3eebfa38c2112747570c403a4a13ba3a/ruff-0.7.2-py3-none-manylinux_2_17_armv7l.manylinux2014_armv7l.whl", hash = "sha256:ccc7e0fc6e0cb3168443eeadb6445285abaae75142ee22b2b72c27d790ab60ba", size = 10184640 },
    { url = "https://files.pythonhosted.org/packages/97/1b/82ff05441b036f68817296c14f24da47c591cb27acfda473ee571a5651ac/ruff-0.7.2-py3-none-manylinux_2_17_i686.manylinux2014_i686.whl", hash = "sha256:fd77877a4e43b3a98e5ef4715ba3862105e299af0c48942cc6d51ba3d97dc859", size = 11210203 },
    { url = "https://files.pythonhosted.org/packages/a6/96/7ecb30a7ef7f942e2d8e0287ad4c1957dddc6c5097af4978c27cfc334f97/ruff-0.7.2-py3-none-manylinux_2_17_ppc64.manylinux2014_ppc64.whl", hash = "sha256:e00163fb897d35523c70d71a46fbaa43bf7bf9af0f4534c53ea5b96b2e03397b", size = 11870894 },
    { url = "https://files.pythonhosted.org/packages/06/6a/c716bb126218227f8e604a9c484836257708a05ee3d2ebceb666ff3d3867/ruff-0.7.2-py3-none-manylinux_2_17_ppc64le.manylinux2014_ppc64le.whl", hash = "sha256:f3c54b538633482dc342e9b634d91168fe8cc56b30a4b4f99287f4e339103e88", size = 11449533 },
    { url = "https://files.pythonhosted.org/packages/e6/2f/3a5f9f9478904e5ae9506ea699109070ead1e79aac041e872cbaad8a7458/ruff-0.7.2-py3-none-manylinux_2_17_s390x.manylinux2014_s390x.whl", hash = "sha256:7b792468e9804a204be221b14257566669d1db5c00d6bb335996e5cd7004ba80", size = 12607919 },
    { url = "https://files.pythonhosted.org/packages/a0/57/4642e57484d80d274750dcc872ea66655bbd7e66e986fede31e1865b463d/ruff-0.7.2-py3-none-manylinux_2_17_x86_64.manylinux2014_x86_64.whl", hash = "sha256:dba53ed84ac19ae4bfb4ea4bf0172550a2285fa27fbb13e3746f04c80f7fa088", size = 11016915 },
    { url = "https://files.pythonhosted.org/packages/4d/6d/59be6680abee34c22296ae3f46b2a3b91662b8b18ab0bf388b5eb1355c97/ruff-0.7.2-py3-none-musllinux_1_2_aarch64.whl", hash = "sha256:b19fafe261bf741bca2764c14cbb4ee1819b67adb63ebc2db6401dcd652e3748", size = 10625424 },
    { url = "https://files.pythonhosted.org/packages/82/e7/f6a643683354c9bc7879d2f228ee0324fea66d253de49273a0814fba1927/ruff-0.7.2-py3-none-musllinux_1_2_armv7l.whl", hash = "sha256:28bd8220f4d8f79d590db9e2f6a0674f75ddbc3847277dd44ac1f8d30684b828", size = 10233692 },
    { url = "https://files.pythonhosted.org/packages/d7/48/b4e02fc835cd7ed1ee7318d9c53e48bcf6b66301f55925a7dcb920e45532/ruff-0.7.2-py3-none-musllinux_1_2_i686.whl", hash = "sha256:9fd67094e77efbea932e62b5d2483006154794040abb3a5072e659096415ae1e", size = 10751825 },
    { url = "https://files.pythonhosted.org/packages/1e/06/6c5ee6ab7bb4cbad9e8bb9b2dd0d818c759c90c1c9e057c6ed70334b97f4/ruff-0.7.2-py3-none-musllinux_1_2_x86_64.whl", hash = "sha256:576305393998b7bd6c46018f8104ea3a9cb3fa7908c21d8580e3274a3b04b691", size = 11074811 },
    { url = "https://files.pythonhosted.org/packages/a1/16/8969304f25bcd0e4af1778342e63b715e91db8a2dbb51807acd858cba915/ruff-0.7.2-py3-none-win32.whl", hash = "sha256:fa993cfc9f0ff11187e82de874dfc3611df80852540331bc85c75809c93253a8", size = 8650268 },
    { url = "https://files.pythonhosted.org/packages/d9/18/c4b00d161def43fe5968e959039c8f6ce60dca762cec4a34e4e83a4210a0/ruff-0.7.2-py3-none-win_amd64.whl", hash = "sha256:dd8800cbe0254e06b8fec585e97554047fb82c894973f7ff18558eee33d1cb88", size = 9433693 },
    { url = "https://files.pythonhosted.org/packages/7f/7b/c920673ac01c19814dd15fc617c02301c522f3d6812ca2024f4588ed4549/ruff-0.7.2-py3-none-win_arm64.whl", hash = "sha256:bb8368cd45bba3f57bb29cbb8d64b4a33f8415d0149d2655c5c8539452ce7760", size = 8735845 },
]

[[package]]
name = "tomlkit"
version = "0.13.2"
source = { registry = "https://pypi.org/simple" }
sdist = { url = "https://files.pythonhosted.org/packages/b1/09/a439bec5888f00a54b8b9f05fa94d7f901d6735ef4e55dcec9bc37b5d8fa/tomlkit-0.13.2.tar.gz", hash = "sha256:fff5fe59a87295b278abd31bec92c15d9bc4a06885ab12bcea52c71119392e79", size = 192885 }
wheels = [
    { url = "https://files.pythonhosted.org/packages/f9/b6/a447b5e4ec71e13871be01ba81f5dfc9d0af7e473da256ff46bc0e24026f/tomlkit-0.13.2-py3-none-any.whl", hash = "sha256:7a974427f6e119197f670fbbbeae7bef749a6c14e793db934baefc1b5f03efde", size = 37955 },
]

[[package]]
name = "typing-extensions"
version = "4.12.2"
source = { registry = "https://pypi.org/simple" }
sdist = { url = "https://files.pythonhosted.org/packages/df/db/f35a00659bc03fec321ba8bce9420de607a1d37f8342eee1863174c69557/typing_extensions-4.12.2.tar.gz", hash = "sha256:1a7ead55c7e559dd4dee8856e3a88b41225abfe1ce8df57b7c13915fe121ffb8", size = 85321 }
wheels = [
    { url = "https://files.pythonhosted.org/packages/26/9f/ad63fc0248c5379346306f8668cda6e2e2e9c95e01216d2b8ffd9ff037d0/typing_extensions-4.12.2-py3-none-any.whl", hash = "sha256:04e5ca0351e0f3f85c6853954072df659d0d13fac324d0072316b67d7794700d", size = 37438 },
]
