{
    "_meta": {
        "hash": {
            "sha256": "3f2b6279cc5db9da9b9b67b5cf8a8c4f70f637fd15b648afce83d66b52d59fdf"
        },
        "pipfile-spec": 6,
        "requires": {
            "python_version": "3.9"
        },
        "sources": [
            {
                "name": "pypi",
                "url": "https://pypi.org/simple",
                "verify_ssl": true
            }
        ]
    },
    "default": {
        "click": {
            "hashes": [
                "sha256:6a7a62563bbfabfda3a38f3023a1db4a35978c0abd76f6c9605ecd6554d6d9b1",
                "sha256:8458d7b1287c5fb128c90e23381cf99dcde74beaf6c7ff6384ce84d6fe090adb"
            ],
            "index": "pypi",
            "version": "==8.0.4"
        }
    },
    "develop": {}
}
