{
  "name": "polars-notes",
  "version": "1.0.0",
  "lockfileVersion": 2,
  "requires": true,
  "packages": {
    "": {
      "name": "polars-notes",
      "version": "1.0.0",
      "license": "ISC",
      "dependencies": {
        "lodash-es": "^4.17.21",
        "nodejs-polars": "^0.5.4"
      }
    },
    "node_modules/lodash-es": {
      "version": "4.17.21",
      "resolved": "https://registry.npmjs.org/lodash-es/-/lodash-es-4.17.21.tgz",
      "integrity": "sha512-mKnC+QJ9pWVzv+C4/U3rRsHapFfHvQFoFB92e52xeyGMcX6/OlIl78je1u8vePzYZSkkogMPJ2yjxxsb89cxyw=="
    },
    "node_modules/nodejs-polars": {
      "version": "0.5.4",
      "resolved": "https://registry.npmjs.org/nodejs-polars/-/nodejs-polars-0.5.4.tgz",
      "integrity": "sha512-TmpxokQD+k+4idjr8WdpOJUnncDAfgJoeZKogW/s2CbT8anjFBPiJV5kzkW9nvgeZTBGapwkAVPgzXTcBKFZwA==",
      "engines": {
        "node": ">= 16"
      },
      "optionalDependencies": {
        "nodejs-polars-android-arm64": "0.5.4",
        "nodejs-polars-darwin-arm64": "0.5.4",
        "nodejs-polars-darwin-x64": "0.5.4",
        "nodejs-polars-linux-arm-gnueabihf": "0.5.4",
        "nodejs-polars-linux-arm64-gnu": "0.5.4",
        "nodejs-polars-linux-x64-gnu": "0.5.4",
        "nodejs-polars-win32-ia32-msvc": "0.5.4",
        "nodejs-polars-win32-x64-msvc": "0.5.4"
      }
    },
    "node_modules/nodejs-polars-android-arm64": {
      "version": "0.5.4",
      "resolved": "https://registry.npmjs.org/nodejs-polars-android-arm64/-/nodejs-polars-android-arm64-0.5.4.tgz",
      "integrity": "sha512-NX5mEmfaXePtz4WZRx6NW4JPfQUtEdmbBF0yoqQiODRaXvLLSxSniTkLS/CD18jkWTgTuAK8DLP/BFeJidL0fw==",
      "cpu": [
        "arm64"
      ],
      "optional": true,
      "os": [
        "android"
      ],
      "engines": {
        "node": ">= 10"
      }
    },
    "node_modules/nodejs-polars-darwin-arm64": {
      "version": "0.5.4",
      "resolved": "https://registry.npmjs.org/nodejs-polars-darwin-arm64/-/nodejs-polars-darwin-arm64-0.5.4.tgz",
      "integrity": "sha512-CaqjR8x8+HUI12Ol8c/1+Dca17YGTYE0ZINqWg0Gxl/JUlAfTjidPuHDoLv2KgOHDTUaD3R0tkbRV4uZbmpRpQ==",
      "cpu": [
        "arm64"
      ],
      "optional": true,
      "os": [
        "darwin"
      ],
      "engines": {
        "node": ">= 10"
      }
    },
    "node_modules/nodejs-polars-darwin-x64": {
      "version": "0.5.4",
      "resolved": "https://registry.npmjs.org/nodejs-polars-darwin-x64/-/nodejs-polars-darwin-x64-0.5.4.tgz",
      "integrity": "sha512-Z2I2v9vPmtxpjGELx02bcqHzO8jFHU2T0PIssYoN7xEGVktWQTNZt4djkQ3o3MdUKcghYSGT+80nXw5pwJ5UTg==",
      "cpu": [
        "x64"
      ],
      "optional": true,
      "os": [
        "darwin"
      ],
      "engines": {
        "node": ">= 10"
      }
    },
    "node_modules/nodejs-polars-linux-arm-gnueabihf": {
      "version": "0.5.4",
      "resolved": "https://registry.npmjs.org/nodejs-polars-linux-arm-gnueabihf/-/nodejs-polars-linux-arm-gnueabihf-0.5.4.tgz",
      "integrity": "sha512-I8ZlxainItlUtnMwovj+mmIDqBpl/P3aha9pnJ3cIw+PAgbiWptsGMrh9FXPCVq+fzm5zxvbPQkmdUcRquCnGA==",
      "cpu": [
        "arm"
      ],
      "optional": true,
      "os": [
        "linux"
      ],
      "engines": {
        "node": ">= 10"
      }
    },
    "node_modules/nodejs-polars-linux-arm64-gnu": {
      "version": "0.5.4",
      "resolved": "https://registry.npmjs.org/nodejs-polars-linux-arm64-gnu/-/nodejs-polars-linux-arm64-gnu-0.5.4.tgz",
      "integrity": "sha512-sjq5cvczSijI9A3BYF+7YjACjge8IT91RAx2qJj6uvgt4cwx0dDe/wO81OVKmCze/TzApwuo+zR9p8hFSDMcKw==",
      "cpu": [
        "arm64"
      ],
      "optional": true,
      "os": [
        "linux"
      ],
      "engines": {
        "node": ">= 10"
      }
    },
    "node_modules/nodejs-polars-linux-x64-gnu": {
      "version": "0.5.4",
      "resolved": "https://registry.npmjs.org/nodejs-polars-linux-x64-gnu/-/nodejs-polars-linux-x64-gnu-0.5.4.tgz",
      "integrity": "sha512-73zCZ0S2qhcBF6KLw+imGwhydKdXT441ZnotdudRtP6AHlSNa/fCGCTZspQZdD5d8HUY0e6rTYx9i8WXIsK2Vw==",
      "cpu": [
        "x64"
      ],
      "optional": true,
      "os": [
        "linux"
      ],
      "engines": {
        "node": ">= 10"
      }
    },
    "node_modules/nodejs-polars-win32-ia32-msvc": {
      "version": "0.5.4",
      "resolved": "https://registry.npmjs.org/nodejs-polars-win32-ia32-msvc/-/nodejs-polars-win32-ia32-msvc-0.5.4.tgz",
      "integrity": "sha512-5cE6wA9PpiIFhO0HdQ30cvmJNtumkYtwzz7FKe/KmTB5wa0vxrBarTuZyGPCFDvvQgbOh7hlgEiz9XL1OEb+Bw==",
      "cpu": [
        "ia32"
      ],
      "optional": true,
      "os": [
        "win32"
      ],
      "engines": {
        "node": ">= 10"
      }
    },
    "node_modules/nodejs-polars-win32-x64-msvc": {
      "version": "0.5.4",
      "resolved": "https://registry.npmjs.org/nodejs-polars-win32-x64-msvc/-/nodejs-polars-win32-x64-msvc-0.5.4.tgz",
      "integrity": "sha512-c/PQFl7wvVy/T2LFMnVdOdkobAOheuORjvD0jOqaCjyL60/xfn52H14gBYx/rhXiKJzx8/mUhiGIW7j2lUnSnA==",
      "cpu": [
        "x64"
      ],
      "optional": true,
      "os": [
        "win32"
      ],
      "engines": {
        "node": ">= 10"
      }
    }
  },
  "dependencies": {
    "lodash-es": {
      "version": "4.17.21",
      "resolved": "https://registry.npmjs.org/lodash-es/-/lodash-es-4.17.21.tgz",
      "integrity": "sha512-mKnC+QJ9pWVzv+C4/U3rRsHapFfHvQFoFB92e52xeyGMcX6/OlIl78je1u8vePzYZSkkogMPJ2yjxxsb89cxyw=="
    },
    "nodejs-polars": {
      "version": "0.5.4",
      "resolved": "https://registry.npmjs.org/nodejs-polars/-/nodejs-polars-0.5.4.tgz",
      "integrity": "sha512-TmpxokQD+k+4idjr8WdpOJUnncDAfgJoeZKogW/s2CbT8anjFBPiJV5kzkW9nvgeZTBGapwkAVPgzXTcBKFZwA==",
      "requires": {
        "nodejs-polars-android-arm64": "0.5.4",
        "nodejs-polars-darwin-arm64": "0.5.4",
        "nodejs-polars-darwin-x64": "0.5.4",
        "nodejs-polars-linux-arm-gnueabihf": "0.5.4",
        "nodejs-polars-linux-arm64-gnu": "0.5.4",
        "nodejs-polars-linux-x64-gnu": "0.5.4",
        "nodejs-polars-win32-ia32-msvc": "0.5.4",
        "nodejs-polars-win32-x64-msvc": "0.5.4"
      }
    },
    "nodejs-polars-android-arm64": {
      "version": "0.5.4",
      "resolved": "https://registry.npmjs.org/nodejs-polars-android-arm64/-/nodejs-polars-android-arm64-0.5.4.tgz",
      "integrity": "sha512-NX5mEmfaXePtz4WZRx6NW4JPfQUtEdmbBF0yoqQiODRaXvLLSxSniTkLS/CD18jkWTgTuAK8DLP/BFeJidL0fw==",
      "optional": true
    },
    "nodejs-polars-darwin-arm64": {
      "version": "0.5.4",
      "resolved": "https://registry.npmjs.org/nodejs-polars-darwin-arm64/-/nodejs-polars-darwin-arm64-0.5.4.tgz",
      "integrity": "sha512-CaqjR8x8+HUI12Ol8c/1+Dca17YGTYE0ZINqWg0Gxl/JUlAfTjidPuHDoLv2KgOHDTUaD3R0tkbRV4uZbmpRpQ==",
      "optional": true
    },
    "nodejs-polars-darwin-x64": {
      "version": "0.5.4",
      "resolved": "https://registry.npmjs.org/nodejs-polars-darwin-x64/-/nodejs-polars-darwin-x64-0.5.4.tgz",
      "integrity": "sha512-Z2I2v9vPmtxpjGELx02bcqHzO8jFHU2T0PIssYoN7xEGVktWQTNZt4djkQ3o3MdUKcghYSGT+80nXw5pwJ5UTg==",
      "optional": true
    },
    "nodejs-polars-linux-arm-gnueabihf": {
      "version": "0.5.4",
      "resolved": "https://registry.npmjs.org/nodejs-polars-linux-arm-gnueabihf/-/nodejs-polars-linux-arm-gnueabihf-0.5.4.tgz",
      "integrity": "sha512-I8ZlxainItlUtnMwovj+mmIDqBpl/P3aha9pnJ3cIw+PAgbiWptsGMrh9FXPCVq+fzm5zxvbPQkmdUcRquCnGA==",
      "optional": true
    },
    "nodejs-polars-linux-arm64-gnu": {
      "version": "0.5.4",
      "resolved": "https://registry.npmjs.org/nodejs-polars-linux-arm64-gnu/-/nodejs-polars-linux-arm64-gnu-0.5.4.tgz",
      "integrity": "sha512-sjq5cvczSijI9A3BYF+7YjACjge8IT91RAx2qJj6uvgt4cwx0dDe/wO81OVKmCze/TzApwuo+zR9p8hFSDMcKw==",
      "optional": true
    },
    "nodejs-polars-linux-x64-gnu": {
      "version": "0.5.4",
      "resolved": "https://registry.npmjs.org/nodejs-polars-linux-x64-gnu/-/nodejs-polars-linux-x64-gnu-0.5.4.tgz",
      "integrity": "sha512-73zCZ0S2qhcBF6KLw+imGwhydKdXT441ZnotdudRtP6AHlSNa/fCGCTZspQZdD5d8HUY0e6rTYx9i8WXIsK2Vw==",
      "optional": true
    },
    "nodejs-polars-win32-ia32-msvc": {
      "version": "0.5.4",
      "resolved": "https://registry.npmjs.org/nodejs-polars-win32-ia32-msvc/-/nodejs-polars-win32-ia32-msvc-0.5.4.tgz",
      "integrity": "sha512-5cE6wA9PpiIFhO0HdQ30cvmJNtumkYtwzz7FKe/KmTB5wa0vxrBarTuZyGPCFDvvQgbOh7hlgEiz9XL1OEb+Bw==",
      "optional": true
    },
    "nodejs-polars-win32-x64-msvc": {
      "version": "0.5.4",
      "resolved": "https://registry.npmjs.org/nodejs-polars-win32-x64-msvc/-/nodejs-polars-win32-x64-msvc-0.5.4.tgz",
      "integrity": "sha512-c/PQFl7wvVy/T2LFMnVdOdkobAOheuORjvD0jOqaCjyL60/xfn52H14gBYx/rhXiKJzx8/mUhiGIW7j2lUnSnA==",
      "optional": true
    }
  }
}
